
Microsoft Visual Studio Solution File, Format Version 12.00
# Visual Studio Version 17
VisualStudioVersion = 17.12.35209.166
MinimumVisualStudioVersion = 10.0.40219.1
Project("{888888A0-9F3D-457C-B088-3A5042F75D52}") = "kordamine", "kordamine.pyproj", "{4379D622-4496-4D57-B024-BE1B28D30E06}"
EndProject
Global
	GlobalSection(SolutionConfigurationPlatforms) = preSolution
		Debug|Any CPU = Debug|Any CPU
		Release|Any CPU = Release|Any CPU
	EndGlobalSection
	GlobalSection(ProjectConfigurationPlatforms) = postSolution
		{4379D622-4496-4D57-B024-BE1B28D30E06}.Debug|Any CPU.ActiveCfg = Debug|Any CPU
		{4379D622-4496-4D57-B024-BE1B28D30E06}.Release|Any CPU.ActiveCfg = Release|Any CPU
	EndGlobalSection
	GlobalSection(SolutionProperties) = preSolution
		HideSolutionNode = FALSE
	EndGlobalSection
	GlobalSection(ExtensibilityGlobals) = postSolution
		SolutionGuid = {D3FB24FE-D26D-48FB-8BBE-AEB0826D8726}
	EndGlobalSection
EndGlobal
